
Microsoft Visual Studio Solution File, Format Version 12.00
# Visual Studio Version 17
VisualStudioVersion = 17.11.35327.3
MinimumVisualStudioVersion = 10.0.40219.1
Project("{FAE04EC0-301F-11D3-BF4B-00C04F79EFBC}") = "NewTalents", "New Talents\NewTalents.csproj", "{A2470F58-15F5-4724-B110-6C8443FB9E6D}"
EndProject
Project("{FAE04EC0-301F-11D3-BF4B-00C04F79EFBC}") = "TestProject1", "TestProject1\TestProject1.csproj", "{1B10A1C9-40D3-4353-AAD5-DD64C5C1C601}"
EndProject
Global
	GlobalSection(SolutionConfigurationPlatforms) = preSolution
		Debug|Any CPU = Debug|Any CPU
		Release|Any CPU = Release|Any CPU
	EndGlobalSection
	GlobalSection(ProjectConfigurationPlatforms) = postSolution
		{A2470F58-15F5-4724-B110-6C8443FB9E6D}.Debug|Any CPU.ActiveCfg = Debug|Any CPU
		{A2470F58-15F5-4724-B110-6C8443FB9E6D}.Debug|Any CPU.Build.0 = Debug|Any CPU
		{A2470F58-15F5-4724-B110-6C8443FB9E6D}.Release|Any CPU.ActiveCfg = Release|Any CPU
		{A2470F58-15F5-4724-B110-6C8443FB9E6D}.Release|Any CPU.Build.0 = Release|Any CPU
		{1B10A1C9-40D3-4353-AAD5-DD64C5C1C601}.Debug|Any CPU.ActiveCfg = Debug|Any CPU
		{1B10A1C9-40D3-4353-AAD5-DD64C5C1C601}.Debug|Any CPU.Build.0 = Debug|Any CPU
		{1B10A1C9-40D3-4353-AAD5-DD64C5C1C601}.Release|Any CPU.ActiveCfg = Release|Any CPU
		{1B10A1C9-40D3-4353-AAD5-DD64C5C1C601}.Release|Any CPU.Build.0 = Release|Any CPU
	EndGlobalSection
	GlobalSection(SolutionProperties) = preSolution
		HideSolutionNode = FALSE
	EndGlobalSection
	GlobalSection(ExtensibilityGlobals) = postSolution
		SolutionGuid = {98BC9351-DFD9-4C4F-9081-4C590E9E0C21}
	EndGlobalSection
EndGlobal
